
Microsoft Visual Studio Solution File, Format Version 12.00
# Visual Studio Version 17
VisualStudioVersion = 17.0.31521.260
MinimumVisualStudioVersion = 10.0.40219.1
Project("{FAE04EC0-301F-11D3-BF4B-00C04F79EFBC}") = "WebAPI", "WebAPI\WebAPI.csproj", "{2B4D5BFC-5478-41C0-9157-A4304E28B6ED}"
EndProject
Project("{FAE04EC0-301F-11D3-BF4B-00C04F79EFBC}") = "WebMVC", "WebMVC\WebMVC.csproj", "{C94FD46A-4B35-45EE-BC08-EDFB7510EFC9}"
EndProject
Global
	GlobalSection(SolutionConfigurationPlatforms) = preSolution
		Debug|Any CPU = Debug|Any CPU
		Release|Any CPU = Release|Any CPU
	EndGlobalSection
	GlobalSection(ProjectConfigurationPlatforms) = postSolution
		{2B4D5BFC-5478-41C0-9157-A4304E28B6ED}.Debug|Any CPU.ActiveCfg = Debug|Any CPU
		{2B4D5BFC-5478-41C0-9157-A4304E28B6ED}.Debug|Any CPU.Build.0 = Debug|Any CPU
		{2B4D5BFC-5478-41C0-9157-A4304E28B6ED}.Release|Any CPU.ActiveCfg = Release|Any CPU
		{2B4D5BFC-5478-41C0-9157-A4304E28B6ED}.Release|Any CPU.Build.0 = Release|Any CPU
		{C94FD46A-4B35-45EE-BC08-EDFB7510EFC9}.Debug|Any CPU.ActiveCfg = Debug|Any CPU
		{C94FD46A-4B35-45EE-BC08-EDFB7510EFC9}.Debug|Any CPU.Build.0 = Debug|Any CPU
		{C94FD46A-4B35-45EE-BC08-EDFB7510EFC9}.Release|Any CPU.ActiveCfg = Release|Any CPU
		{C94FD46A-4B35-45EE-BC08-EDFB7510EFC9}.Release|Any CPU.Build.0 = Release|Any CPU
	EndGlobalSection
	GlobalSection(SolutionProperties) = preSolution
		HideSolutionNode = FALSE
	EndGlobalSection
	GlobalSection(ExtensibilityGlobals) = postSolution
		SolutionGuid = {BFD7DE68-AEB3-4B58-AD99-B9BC49DD9A25}
	EndGlobalSection
EndGlobal
